
Microsoft Visual Studio Solution File, Format Version 12.00
# Visual Studio Version 17
VisualStudioVersion = 17.10.35027.167
MinimumVisualStudioVersion = 10.0.40219.1
Project("{9A19103F-16F7-4668-BE54-9A1E7A4F7556}") = "Raven", "Raven\Raven.csproj", "{40D190AD-3085-4F95-98BA-FAF37C6364E9}"
EndProject
Project("{9A19103F-16F7-4668-BE54-9A1E7A4F7556}") = "Raven.DB.PSQL", "Raven.DB.PSQL\Raven.DB.PSQL.csproj", "{3D3F23FE-5F46-436D-A2A1-97F04DCB0149}"
EndProject
Project("{9A19103F-16F7-4668-BE54-9A1E7A4F7556}") = "Raven.DB.Neo4j", "Raven.DB.Neo4j\Raven.DB.Neo4j.csproj", "{BECA6721-42FB-404C-87D1-11EDF9F87FE8}"
EndProject
Project("{9A19103F-16F7-4668-BE54-9A1E7A4F7556}") = "Raven.DB.MinIO", "Raven.DB.MinIO\Raven.DB.MinIO.csproj", "{115E5A57-A779-4335-B165-6EBF5218A2C0}"
EndProject
Project("{9A19103F-16F7-4668-BE54-9A1E7A4F7556}") = "Raven.Web-interface", "Raven.Web-interface\Raven.Web-interface.csproj", "{F3A2D8FE-A043-461E-A94C-7AA5B27F8284}"
EndProject
Project("{E53339B2-1760-4266-BCC7-CA923CBCF16C}") = "docker-compose", "docker-compose.dcproj", "{F6890167-7F33-4CAA-BB13-4C7A627D6580}"
EndProject
Project("{9A19103F-16F7-4668-BE54-9A1E7A4F7556}") = "Raven.Models", "Raven.Models\Raven.Models.csproj", "{3303A530-DDA0-4390-A7E5-6DA6ABDA3F73}"
EndProject
Project("{9A19103F-16F7-4668-BE54-9A1E7A4F7556}") = "Raven.DB.Redis", "Raven.DB.Redis\Raven.DB.Redis.csproj", "{6A4B6923-28B3-47C8-8958-3D1CAE4FD4D1}"
EndProject
Project("{9A19103F-16F7-4668-BE54-9A1E7A4F7556}") = "Raven.Logger", "Raven.Logger\Raven.Logger.csproj", "{81062020-3BE6-472C-A092-C9D6F2D663D1}"
EndProject
Global
	GlobalSection(SolutionConfigurationPlatforms) = preSolution
		Debug|Any CPU = Debug|Any CPU
		Release|Any CPU = Release|Any CPU
	EndGlobalSection
	GlobalSection(ProjectConfigurationPlatforms) = postSolution
		{40D190AD-3085-4F95-98BA-FAF37C6364E9}.Debug|Any CPU.ActiveCfg = Debug|Any CPU
		{40D190AD-3085-4F95-98BA-FAF37C6364E9}.Debug|Any CPU.Build.0 = Debug|Any CPU
		{40D190AD-3085-4F95-98BA-FAF37C6364E9}.Release|Any CPU.ActiveCfg = Release|Any CPU
		{40D190AD-3085-4F95-98BA-FAF37C6364E9}.Release|Any CPU.Build.0 = Release|Any CPU
		{3D3F23FE-5F46-436D-A2A1-97F04DCB0149}.Debug|Any CPU.ActiveCfg = Debug|Any CPU
		{3D3F23FE-5F46-436D-A2A1-97F04DCB0149}.Debug|Any CPU.Build.0 = Debug|Any CPU
		{3D3F23FE-5F46-436D-A2A1-97F04DCB0149}.Release|Any CPU.ActiveCfg = Release|Any CPU
		{3D3F23FE-5F46-436D-A2A1-97F04DCB0149}.Release|Any CPU.Build.0 = Release|Any CPU
		{BECA6721-42FB-404C-87D1-11EDF9F87FE8}.Debug|Any CPU.ActiveCfg = Debug|Any CPU
		{BECA6721-42FB-404C-87D1-11EDF9F87FE8}.Debug|Any CPU.Build.0 = Debug|Any CPU
		{BECA6721-42FB-404C-87D1-11EDF9F87FE8}.Release|Any CPU.ActiveCfg = Release|Any CPU
		{BECA6721-42FB-404C-87D1-11EDF9F87FE8}.Release|Any CPU.Build.0 = Release|Any CPU
		{115E5A57-A779-4335-B165-6EBF5218A2C0}.Debug|Any CPU.ActiveCfg = Debug|Any CPU
		{115E5A57-A779-4335-B165-6EBF5218A2C0}.Debug|Any CPU.Build.0 = Debug|Any CPU
		{115E5A57-A779-4335-B165-6EBF5218A2C0}.Release|Any CPU.ActiveCfg = Release|Any CPU
		{115E5A57-A779-4335-B165-6EBF5218A2C0}.Release|Any CPU.Build.0 = Release|Any CPU
		{F3A2D8FE-A043-461E-A94C-7AA5B27F8284}.Debug|Any CPU.ActiveCfg = Debug|Any CPU
		{F3A2D8FE-A043-461E-A94C-7AA5B27F8284}.Debug|Any CPU.Build.0 = Debug|Any CPU
		{F3A2D8FE-A043-461E-A94C-7AA5B27F8284}.Release|Any CPU.ActiveCfg = Release|Any CPU
		{F3A2D8FE-A043-461E-A94C-7AA5B27F8284}.Release|Any CPU.Build.0 = Release|Any CPU
		{F6890167-7F33-4CAA-BB13-4C7A627D6580}.Debug|Any CPU.ActiveCfg = Debug|Any CPU
		{F6890167-7F33-4CAA-BB13-4C7A627D6580}.Debug|Any CPU.Build.0 = Debug|Any CPU
		{F6890167-7F33-4CAA-BB13-4C7A627D6580}.Release|Any CPU.ActiveCfg = Release|Any CPU
		{F6890167-7F33-4CAA-BB13-4C7A627D6580}.Release|Any CPU.Build.0 = Release|Any CPU
		{3303A530-DDA0-4390-A7E5-6DA6ABDA3F73}.Debug|Any CPU.ActiveCfg = Debug|Any CPU
		{3303A530-DDA0-4390-A7E5-6DA6ABDA3F73}.Debug|Any CPU.Build.0 = Debug|Any CPU
		{3303A530-DDA0-4390-A7E5-6DA6ABDA3F73}.Release|Any CPU.ActiveCfg = Release|Any CPU
		{3303A530-DDA0-4390-A7E5-6DA6ABDA3F73}.Release|Any CPU.Build.0 = Release|Any CPU
		{6A4B6923-28B3-47C8-8958-3D1CAE4FD4D1}.Debug|Any CPU.ActiveCfg = Debug|Any CPU
		{6A4B6923-28B3-47C8-8958-3D1CAE4FD4D1}.Debug|Any CPU.Build.0 = Debug|Any CPU
		{6A4B6923-28B3-47C8-8958-3D1CAE4FD4D1}.Release|Any CPU.ActiveCfg = Release|Any CPU
		{6A4B6923-28B3-47C8-8958-3D1CAE4FD4D1}.Release|Any CPU.Build.0 = Release|Any CPU
		{81062020-3BE6-472C-A092-C9D6F2D663D1}.Debug|Any CPU.ActiveCfg = Debug|Any CPU
		{81062020-3BE6-472C-A092-C9D6F2D663D1}.Debug|Any CPU.Build.0 = Debug|Any CPU
		{81062020-3BE6-472C-A092-C9D6F2D663D1}.Release|Any CPU.ActiveCfg = Release|Any CPU
		{81062020-3BE6-472C-A092-C9D6F2D663D1}.Release|Any CPU.Build.0 = Release|Any CPU
	EndGlobalSection
	GlobalSection(SolutionProperties) = preSolution
		HideSolutionNode = FALSE
	EndGlobalSection
	GlobalSection(ExtensibilityGlobals) = postSolution
		SolutionGuid = {C049A989-16BD-4CF2-A4D3-107866E16ACA}
	EndGlobalSection
EndGlobal
