
Microsoft Visual Studio Solution File, Format Version 12.00
# Visual Studio Version 17
VisualStudioVersion = 17.10.35027.167
MinimumVisualStudioVersion = 10.0.40219.1
Project("{9A19103F-16F7-4668-BE54-9A1E7A4F7556}") = "Raven", "Raven\Raven.csproj", "{40D190AD-3085-4F95-98BA-FAF37C6364E9}"
EndProject
Project("{FAE04EC0-301F-11D3-BF4B-00C04F79EFBC}") = "Raven.ML.TextMatcher", "Raven.ML.TextMatcher\Raven.ML.TextMatcher.csproj", "{6C010020-2483-466F-B417-32663F436CFA}"
EndProject
Global
	GlobalSection(SolutionConfigurationPlatforms) = preSolution
		Debug|Any CPU = Debug|Any CPU
		Release|Any CPU = Release|Any CPU
	EndGlobalSection
	GlobalSection(ProjectConfigurationPlatforms) = postSolution
		{40D190AD-3085-4F95-98BA-FAF37C6364E9}.Debug|Any CPU.ActiveCfg = Debug|Any CPU
		{40D190AD-3085-4F95-98BA-FAF37C6364E9}.Debug|Any CPU.Build.0 = Debug|Any CPU
		{40D190AD-3085-4F95-98BA-FAF37C6364E9}.Release|Any CPU.ActiveCfg = Release|Any CPU
		{40D190AD-3085-4F95-98BA-FAF37C6364E9}.Release|Any CPU.Build.0 = Release|Any CPU
		{6C010020-2483-466F-B417-32663F436CFA}.Debug|Any CPU.ActiveCfg = Debug|Any CPU
		{6C010020-2483-466F-B417-32663F436CFA}.Debug|Any CPU.Build.0 = Debug|Any CPU
		{6C010020-2483-466F-B417-32663F436CFA}.Release|Any CPU.ActiveCfg = Release|Any CPU
		{6C010020-2483-466F-B417-32663F436CFA}.Release|Any CPU.Build.0 = Release|Any CPU
	EndGlobalSection
	GlobalSection(SolutionProperties) = preSolution
		HideSolutionNode = FALSE
	EndGlobalSection
	GlobalSection(ExtensibilityGlobals) = postSolution
		SolutionGuid = {C049A989-16BD-4CF2-A4D3-107866E16ACA}
	EndGlobalSection
EndGlobal
